
Microsoft Visual Studio Solution File, Format Version 12.00
# Visual Studio Version 17
VisualStudioVersion = 17.9.34728.123
MinimumVisualStudioVersion = 10.0.40219.1
Project("{FAE04EC0-301F-11D3-BF4B-00C04F79EFBC}") = "AAS.TwinEngine.Plugin.RelationalDatabase", "AAS.TwinEngine.Plugin.RelationalDatabase\AAS.TwinEngine.Plugin.RelationalDatabase.csproj", "{05028728-5564-43EA-A0C0-35FD64FA3E9A}"
EndProject
Project("{FAE04EC0-301F-11D3-BF4B-00C04F79EFBC}") = "AAS.TwinEngine.Plugin.RelationalDatabase.UnitTests", "AAS.TwinEngine.Plugin.RelationalDatabase.UnitTests\AAS.TwinEngine.Plugin.RelationalDatabase.UnitTests.csproj", "{87C43E46-0872-43F1-B783-4CEA78892785}"
EndProject
Global
	GlobalSection(SolutionConfigurationPlatforms) = preSolution
		Debug|Any CPU = Debug|Any CPU
		Release|Any CPU = Release|Any CPU
	EndGlobalSection
	GlobalSection(ProjectConfigurationPlatforms) = postSolution
		{05028728-5564-43EA-A0C0-35FD64FA3E9A}.Debug|Any CPU.ActiveCfg = Debug|Any CPU
		{05028728-5564-43EA-A0C0-35FD64FA3E9A}.Debug|Any CPU.Build.0 = Debug|Any CPU
		{05028728-5564-43EA-A0C0-35FD64FA3E9A}.Release|Any CPU.ActiveCfg = Release|Any CPU
		{05028728-5564-43EA-A0C0-35FD64FA3E9A}.Release|Any CPU.Build.0 = Release|Any CPU
		{87C43E46-0872-43F1-B783-4CEA78892785}.Debug|Any CPU.ActiveCfg = Debug|Any CPU
		{87C43E46-0872-43F1-B783-4CEA78892785}.Debug|Any CPU.Build.0 = Debug|Any CPU
		{87C43E46-0872-43F1-B783-4CEA78892785}.Release|Any CPU.ActiveCfg = Release|Any CPU
		{87C43E46-0872-43F1-B783-4CEA78892785}.Release|Any CPU.Build.0 = Release|Any CPU
	EndGlobalSection
	GlobalSection(SolutionProperties) = preSolution
		HideSolutionNode = FALSE
	EndGlobalSection
	GlobalSection(ExtensibilityGlobals) = postSolution
		SolutionGuid = {CAB1F6AA-8CF1-4573-94FA-58CB0FCCCBF2}
	EndGlobalSection
EndGlobal
